
Microsoft Visual Studio Solution File, Format Version 12.00
# Visual Studio 15
VisualStudioVersion = 15.0.27130.2010
MinimumVisualStudioVersion = 10.0.40219.1
Project("{FAE04EC0-301F-11D3-BF4B-00C04F79EFBC}") = "test", "test\test.csproj", "{ECB379FF-F790-4651-BADA-34D83C527381}"
EndProject
Global
	GlobalSection(SolutionConfigurationPlatforms) = preSolution
		Debug|Any CPU = Debug|Any CPU
		Release|Any CPU = Release|Any CPU
	EndGlobalSection
	GlobalSection(ProjectConfigurationPlatforms) = postSolution
		{ECB379FF-F790-4651-BADA-34D83C527381}.Debug|Any CPU.ActiveCfg = Debug|Any CPU
		{ECB379FF-F790-4651-BADA-34D83C527381}.Debug|Any CPU.Build.0 = Debug|Any CPU
		{ECB379FF-F790-4651-BADA-34D83C527381}.Release|Any CPU.ActiveCfg = Release|Any CPU
		{ECB379FF-F790-4651-BADA-34D83C527381}.Release|Any CPU.Build.0 = Release|Any CPU
	EndGlobalSection
	GlobalSection(SolutionProperties) = preSolution
		HideSolutionNode = FALSE
	EndGlobalSection
	GlobalSection(ExtensibilityGlobals) = postSolution
		SolutionGuid = {366D8692-8DFD-470B-A269-6A6B2FC86066}
	EndGlobalSection
EndGlobal
